
Microsoft Visual Studio Solution File, Format Version 12.00
# Visual Studio 15
VisualStudioVersion = 15.0.28010.2036
MinimumVisualStudioVersion = 10.0.40219.1
Project("{2150E333-8FDC-42A3-9474-1A3956D46DE8}") = "src", "src", "{E348F7EF-95A5-4AF6-94E1-175EAAF12893}"
EndProject
Project("{9A19103F-16F7-4668-BE54-9A1E7A4F7556}") = "Movie.Api", "src\Movie.Api\Movie.Api.csproj", "{CE556B9E-63C3-4BF7-A41D-A25BCE146A02}"
EndProject
Project("{9A19103F-16F7-4668-BE54-9A1E7A4F7556}") = "Movie.Data", "src\Movie.Data\Movie.Data.csproj", "{7EF81465-7E9E-4F9E-AE37-B3A964991D50}"
EndProject
Project("{2150E333-8FDC-42A3-9474-1A3956D46DE8}") = "BuildingBlocks", "BuildingBlocks", "{9E7021FF-6FF6-4754-AA93-AEC214D25FC9}"
EndProject
Project("{9A19103F-16F7-4668-BE54-9A1E7A4F7556}") = "Block.Http", "src\BuildingBlocks\Block.Htttp\Block.Http.csproj", "{5E11F081-0730-436E-B4B5-F46D1883EB4A}"
EndProject
Project("{2150E333-8FDC-42A3-9474-1A3956D46DE8}") = "TrailerApis", "TrailerApis", "{C2DBA282-1E16-4FC0-B1DB-E240CC6D1D1E}"
EndProject
Project("{9A19103F-16F7-4668-BE54-9A1E7A4F7556}") = "Youtube.Api", "src\TrailerApis\Youtube.Api\Youtube.Api.csproj", "{0EE94399-F62D-4D4A-8552-6E412329EBEE}"
EndProject
Project("{9A19103F-16F7-4668-BE54-9A1E7A4F7556}") = "Vimeo.Api", "src\TrailerApis\Vimeo.Api\Vimeo.Api.csproj", "{90E033D7-0ABA-4EE7-8FAF-8C414040B2B5}"
EndProject
Project("{9A19103F-16F7-4668-BE54-9A1E7A4F7556}") = "Block.Api", "src\BuildingBlocks\Block.Api\Block.Api.csproj", "{04B0724E-32B5-4F75-9331-68DF707A60CF}"
EndProject
Project("{9A19103F-16F7-4668-BE54-9A1E7A4F7556}") = "Movie.Common", "src\Movie.Common\Movie.Common.csproj", "{1D281A7E-8A83-4FAC-AB3F-F656AE63ED00}"
EndProject
Project("{9A19103F-16F7-4668-BE54-9A1E7A4F7556}") = "Block.BackgroudService", "src\BuildingBlocks\Block.BackgroudService\Block.BackgroudService.csproj", "{CC857EA8-26BB-4CBB-A1CD-4D1BAF2BC441}"
EndProject
Global
	GlobalSection(SolutionConfigurationPlatforms) = preSolution
		Debug|Any CPU = Debug|Any CPU
		Release|Any CPU = Release|Any CPU
	EndGlobalSection
	GlobalSection(ProjectConfigurationPlatforms) = postSolution
		{CE556B9E-63C3-4BF7-A41D-A25BCE146A02}.Debug|Any CPU.ActiveCfg = Debug|Any CPU
		{CE556B9E-63C3-4BF7-A41D-A25BCE146A02}.Debug|Any CPU.Build.0 = Debug|Any CPU
		{CE556B9E-63C3-4BF7-A41D-A25BCE146A02}.Release|Any CPU.ActiveCfg = Release|Any CPU
		{CE556B9E-63C3-4BF7-A41D-A25BCE146A02}.Release|Any CPU.Build.0 = Release|Any CPU
		{7EF81465-7E9E-4F9E-AE37-B3A964991D50}.Debug|Any CPU.ActiveCfg = Debug|Any CPU
		{7EF81465-7E9E-4F9E-AE37-B3A964991D50}.Debug|Any CPU.Build.0 = Debug|Any CPU
		{7EF81465-7E9E-4F9E-AE37-B3A964991D50}.Release|Any CPU.ActiveCfg = Release|Any CPU
		{7EF81465-7E9E-4F9E-AE37-B3A964991D50}.Release|Any CPU.Build.0 = Release|Any CPU
		{5E11F081-0730-436E-B4B5-F46D1883EB4A}.Debug|Any CPU.ActiveCfg = Debug|Any CPU
		{5E11F081-0730-436E-B4B5-F46D1883EB4A}.Debug|Any CPU.Build.0 = Debug|Any CPU
		{5E11F081-0730-436E-B4B5-F46D1883EB4A}.Release|Any CPU.ActiveCfg = Release|Any CPU
		{5E11F081-0730-436E-B4B5-F46D1883EB4A}.Release|Any CPU.Build.0 = Release|Any CPU
		{0EE94399-F62D-4D4A-8552-6E412329EBEE}.Debug|Any CPU.ActiveCfg = Debug|Any CPU
		{0EE94399-F62D-4D4A-8552-6E412329EBEE}.Debug|Any CPU.Build.0 = Debug|Any CPU
		{0EE94399-F62D-4D4A-8552-6E412329EBEE}.Release|Any CPU.ActiveCfg = Release|Any CPU
		{0EE94399-F62D-4D4A-8552-6E412329EBEE}.Release|Any CPU.Build.0 = Release|Any CPU
		{90E033D7-0ABA-4EE7-8FAF-8C414040B2B5}.Debug|Any CPU.ActiveCfg = Debug|Any CPU
		{90E033D7-0ABA-4EE7-8FAF-8C414040B2B5}.Debug|Any CPU.Build.0 = Debug|Any CPU
		{90E033D7-0ABA-4EE7-8FAF-8C414040B2B5}.Release|Any CPU.ActiveCfg = Release|Any CPU
		{90E033D7-0ABA-4EE7-8FAF-8C414040B2B5}.Release|Any CPU.Build.0 = Release|Any CPU
		{04B0724E-32B5-4F75-9331-68DF707A60CF}.Debug|Any CPU.ActiveCfg = Debug|Any CPU
		{04B0724E-32B5-4F75-9331-68DF707A60CF}.Debug|Any CPU.Build.0 = Debug|Any CPU
		{04B0724E-32B5-4F75-9331-68DF707A60CF}.Release|Any CPU.ActiveCfg = Release|Any CPU
		{04B0724E-32B5-4F75-9331-68DF707A60CF}.Release|Any CPU.Build.0 = Release|Any CPU
		{1D281A7E-8A83-4FAC-AB3F-F656AE63ED00}.Debug|Any CPU.ActiveCfg = Debug|Any CPU
		{1D281A7E-8A83-4FAC-AB3F-F656AE63ED00}.Debug|Any CPU.Build.0 = Debug|Any CPU
		{1D281A7E-8A83-4FAC-AB3F-F656AE63ED00}.Release|Any CPU.ActiveCfg = Release|Any CPU
		{1D281A7E-8A83-4FAC-AB3F-F656AE63ED00}.Release|Any CPU.Build.0 = Release|Any CPU
		{CC857EA8-26BB-4CBB-A1CD-4D1BAF2BC441}.Debug|Any CPU.ActiveCfg = Debug|Any CPU
		{CC857EA8-26BB-4CBB-A1CD-4D1BAF2BC441}.Debug|Any CPU.Build.0 = Debug|Any CPU
		{CC857EA8-26BB-4CBB-A1CD-4D1BAF2BC441}.Release|Any CPU.ActiveCfg = Release|Any CPU
		{CC857EA8-26BB-4CBB-A1CD-4D1BAF2BC441}.Release|Any CPU.Build.0 = Release|Any CPU
	EndGlobalSection
	GlobalSection(SolutionProperties) = preSolution
		HideSolutionNode = FALSE
	EndGlobalSection
	GlobalSection(NestedProjects) = preSolution
		{CE556B9E-63C3-4BF7-A41D-A25BCE146A02} = {E348F7EF-95A5-4AF6-94E1-175EAAF12893}
		{7EF81465-7E9E-4F9E-AE37-B3A964991D50} = {E348F7EF-95A5-4AF6-94E1-175EAAF12893}
		{9E7021FF-6FF6-4754-AA93-AEC214D25FC9} = {E348F7EF-95A5-4AF6-94E1-175EAAF12893}
		{5E11F081-0730-436E-B4B5-F46D1883EB4A} = {9E7021FF-6FF6-4754-AA93-AEC214D25FC9}
		{C2DBA282-1E16-4FC0-B1DB-E240CC6D1D1E} = {E348F7EF-95A5-4AF6-94E1-175EAAF12893}
		{0EE94399-F62D-4D4A-8552-6E412329EBEE} = {C2DBA282-1E16-4FC0-B1DB-E240CC6D1D1E}
		{90E033D7-0ABA-4EE7-8FAF-8C414040B2B5} = {C2DBA282-1E16-4FC0-B1DB-E240CC6D1D1E}
		{04B0724E-32B5-4F75-9331-68DF707A60CF} = {9E7021FF-6FF6-4754-AA93-AEC214D25FC9}
		{1D281A7E-8A83-4FAC-AB3F-F656AE63ED00} = {E348F7EF-95A5-4AF6-94E1-175EAAF12893}
		{CC857EA8-26BB-4CBB-A1CD-4D1BAF2BC441} = {9E7021FF-6FF6-4754-AA93-AEC214D25FC9}
	EndGlobalSection
	GlobalSection(ExtensibilityGlobals) = postSolution
		SolutionGuid = {246CB501-5BA6-4DAE-B661-0D792B7C6EB8}
	EndGlobalSection
EndGlobal
